// !$*UTF8*$!
{
	archiveVersion = 1;
	classes = {
	};
	objectVersion = 77;
	objects = {

/* Begin PBXBuildFile section */
		EC0E6ECB2F6C399D007FEC71 /* Assets.xcassets in Resources */ = {isa = PBXBuildFile; fileRef = EC0E6EC52F6C399D007FEC71 /* Assets.xcassets */; };
		EC0E6ED42F6C3A4C007FEC71 /* PlayerUIView.swift in Sources */ = {isa = PBXBuildFile; fileRef = EC0E6ED32F6C3A47007FEC71 /* PlayerUIView.swift */; };
		EC0E6ED62F6C3E50007FEC71 /* OnboardingCoordinator.swift in Sources */ = {isa = PBXBuildFile; fileRef = EC0E6ED52F6C3E4C007FEC71 /* OnboardingCoordinator.swift */; };
		EC0E6ED92F6C4028007FEC71 /* OnboardingView.swift in Sources */ = {isa = PBXBuildFile; fileRef = EC0E6ED82F6C4025007FEC71 /* OnboardingView.swift */; };
		EC0E6EDB2F6C44E2007FEC71 /* Onboarding_2.mp4 in Resources */ = {isa = PBXBuildFile; fileRef = EC0E6EDA2F6C44E2007FEC71 /* Onboarding_2.mp4 */; };
		EC0E6EE62F6C5B03007FEC71 /* DependencyContainer.swift in Sources */ = {isa = PBXBuildFile; fileRef = EC0E6EE52F6C5AFB007FEC71 /* DependencyContainer.swift */; };
		EC0E6EEA2F6C5D99007FEC71 /* SplashProtocol.swift in Sources */ = {isa = PBXBuildFile; fileRef = EC0E6EE92F6C5D90007FEC71 /* SplashProtocol.swift */; };
		EC0E6EEC2F6C5E62007FEC71 /* SplashCoordinator.swift in Sources */ = {isa = PBXBuildFile; fileRef = EC0E6EEB2F6C5E5B007FEC71 /* SplashCoordinator.swift */; };
		EC0E6EF12F6C63A5007FEC71 /* PermissionService.swift in Sources */ = {isa = PBXBuildFile; fileRef = EC5442312F6C2AE700F4A871 /* PermissionService.swift */; };
		EC445B162F6CACDC0012A1DA /* Vellanti_Icon.icon in Resources */ = {isa = PBXBuildFile; fileRef = EC445B152F6CACDC0012A1DA /* Vellanti_Icon.icon */; };
		EC445B232F6CBD4D0012A1DA /* Onboarding_3.mp4 in Resources */ = {isa = PBXBuildFile; fileRef = EC445B222F6CBD4D0012A1DA /* Onboarding_3.mp4 */; };
		EC54422E2F6C1EB000F4A871 /* OnboardingProtocol.swift in Sources */ = {isa = PBXBuildFile; fileRef = EC54422D2F6C1EAB00F4A871 /* OnboardingProtocol.swift */; };
		EC5442302F6C1FF100F4A871 /* OnboardingPageModel.swift in Sources */ = {isa = PBXBuildFile; fileRef = EC54422F2F6C1FEC00F4A871 /* OnboardingPageModel.swift */; };
		EC5442342F6C2D2500F4A871 /* OnboardingRepository.swift in Sources */ = {isa = PBXBuildFile; fileRef = EC5442332F6C2D1C00F4A871 /* OnboardingRepository.swift */; };
		EC5442382F6C2E2A00F4A871 /* OnboardingViewModel.swift in Sources */ = {isa = PBXBuildFile; fileRef = EC5442372F6C2E2400F4A871 /* OnboardingViewModel.swift */; };
		EC54423D2F6C371500F4A871 /* Onboarding_1.mp4 in Resources */ = {isa = PBXBuildFile; fileRef = EC54423C2F6C371500F4A871 /* Onboarding_1.mp4 */; };
		EC5442412F6C398400F4A871 /* VideoPlayerView.swift in Sources */ = {isa = PBXBuildFile; fileRef = EC5442402F6C397A00F4A871 /* VideoPlayerView.swift */; };
		EC5BC66C2F6DCE1400A0659D /* FirebaseAnalytics in Frameworks */ = {isa = PBXBuildFile; productRef = EC5BC66B2F6DCE1400A0659D /* FirebaseAnalytics */; };
		EC5BC66E2F6DCE1400A0659D /* FirebaseFirestore in Frameworks */ = {isa = PBXBuildFile; productRef = EC5BC66D2F6DCE1400A0659D /* FirebaseFirestore */; };
		EC5BC6792F6DD13800A0659D /* User.swift in Sources */ = {isa = PBXBuildFile; fileRef = EC5BC6782F6DD13600A0659D /* User.swift */; };
		EC5BC67B2F6DD1EF00A0659D /* Gender.swift in Sources */ = {isa = PBXBuildFile; fileRef = EC5BC67A2F6DD1EE00A0659D /* Gender.swift */; };
		EC5BC67D2F6DD2C000A0659D /* RegisterData.swift in Sources */ = {isa = PBXBuildFile; fileRef = EC5BC67C2F6DD2BD00A0659D /* RegisterData.swift */; };
		EC5BC67F2F6DD44800A0659D /* UserRole.swift in Sources */ = {isa = PBXBuildFile; fileRef = EC5BC67E2F6DD44400A0659D /* UserRole.swift */; };
		EC5BC6822F6DD56200A0659D /* GenderPickerView.swift in Sources */ = {isa = PBXBuildFile; fileRef = EC5BC6812F6DD55D00A0659D /* GenderPickerView.swift */; };
		EC5BC6842F6DD57000A0659D /* CountryPickerView.swift in Sources */ = {isa = PBXBuildFile; fileRef = EC5BC6832F6DD56600A0659D /* CountryPickerView.swift */; };
		EC5BC6862F6DD57B00A0659D /* PhoneFormatter.swift in Sources */ = {isa = PBXBuildFile; fileRef = EC5BC6852F6DD57500A0659D /* PhoneFormatter.swift */; };
		EC5BC6882F6DE03600A0659D /* AnimatedSecureField.swift in Sources */ = {isa = PBXBuildFile; fileRef = EC5BC6872F6DE02D00A0659D /* AnimatedSecureField.swift */; };
		EC5BC68A2F6DE3DF00A0659D /* PasswordValidatorView.swift in Sources */ = {isa = PBXBuildFile; fileRef = EC5BC6892F6DE3D100A0659D /* PasswordValidatorView.swift */; };
		EC5BC68C2F6DEA6000A0659D /* RegisterStep.swift in Sources */ = {isa = PBXBuildFile; fileRef = EC5BC68B2F6DEA5D00A0659D /* RegisterStep.swift */; };
		EC92275E2F6D766A005AE80C /* LoginView.swift in Sources */ = {isa = PBXBuildFile; fileRef = EC92275D2F6D7666005AE80C /* LoginView.swift */; };
		ECAC48FB2F6881EF00A886BC /* SplashViewModel.swift in Sources */ = {isa = PBXBuildFile; fileRef = ECAC48FA2F6881EC00A886BC /* SplashViewModel.swift */; };
		ECB6C1CF2F68486C007B594E /* Lottie in Frameworks */ = {isa = PBXBuildFile; productRef = ECB6C1CE2F68486C007B594E /* Lottie */; };
		ECB6C1E62F684EBB007B594E /* SplashView.swift in Sources */ = {isa = PBXBuildFile; fileRef = ECB6C1E52F684EB7007B594E /* SplashView.swift */; };
		ECC857472F6B1A6000A61F22 /* Vellanti_Light.json in Resources */ = {isa = PBXBuildFile; fileRef = ECC857462F6B1A6000A61F22 /* Vellanti_Light.json */; };
/* End PBXBuildFile section */

/* Begin PBXContainerItemProxy section */
		ECB6C1B12F6838FC007B594E /* PBXContainerItemProxy */ = {
			isa = PBXContainerItemProxy;
			containerPortal = ECB6C19B2F6838F7007B594E /* Project object */;
			proxyType = 1;
			remoteGlobalIDString = ECB6C1A22F6838F7007B594E;
			remoteInfo = Vellanti;
		};
		ECB6C1BB2F6838FC007B594E /* PBXContainerItemProxy */ = {
			isa = PBXContainerItemProxy;
			containerPortal = ECB6C19B2F6838F7007B594E /* Project object */;
			proxyType = 1;
			remoteGlobalIDString = ECB6C1A22F6838F7007B594E;
			remoteInfo = Vellanti;
		};
/* End PBXContainerItemProxy section */

/* Begin PBXFileReference section */
		EC06DDFA2F688AC5001C571D /* LottieView.swift */ = {isa = PBXFileReference; lastKnownFileType = sourcecode.swift; path = LottieView.swift; sourceTree = "<group>"; };
		EC0E6EC52F6C399D007FEC71 /* Assets.xcassets */ = {isa = PBXFileReference; lastKnownFileType = folder.assetcatalog; path = Assets.xcassets; sourceTree = "<group>"; };
		EC0E6ED32F6C3A47007FEC71 /* PlayerUIView.swift */ = {isa = PBXFileReference; lastKnownFileType = sourcecode.swift; path = PlayerUIView.swift; sourceTree = "<group>"; };
		EC0E6ED52F6C3E4C007FEC71 /* OnboardingCoordinator.swift */ = {isa = PBXFileReference; lastKnownFileType = sourcecode.swift; path = OnboardingCoordinator.swift; sourceTree = "<group>"; };
		EC0E6ED82F6C4025007FEC71 /* OnboardingView.swift */ = {isa = PBXFileReference; lastKnownFileType = sourcecode.swift; path = OnboardingView.swift; sourceTree = "<group>"; };
		EC0E6EDA2F6C44E2007FEC71 /* Onboarding_2.mp4 */ = {isa = PBXFileReference; lastKnownFileType = file; path = Onboarding_2.mp4; sourceTree = "<group>"; };
		EC0E6EE52F6C5AFB007FEC71 /* DependencyContainer.swift */ = {isa = PBXFileReference; lastKnownFileType = sourcecode.swift; path = DependencyContainer.swift; sourceTree = "<group>"; };
		EC0E6EE92F6C5D90007FEC71 /* SplashProtocol.swift */ = {isa = PBXFileReference; lastKnownFileType = sourcecode.swift; path = SplashProtocol.swift; sourceTree = "<group>"; };
		EC0E6EEB2F6C5E5B007FEC71 /* SplashCoordinator.swift */ = {isa = PBXFileReference; lastKnownFileType = sourcecode.swift; path = SplashCoordinator.swift; sourceTree = "<group>"; };
		EC445B152F6CACDC0012A1DA /* Vellanti_Icon.icon */ = {isa = PBXFileReference; lastKnownFileType = folder.iconcomposer.icon; path = Vellanti_Icon.icon; sourceTree = "<group>"; };
		EC445B222F6CBD4D0012A1DA /* Onboarding_3.mp4 */ = {isa = PBXFileReference; lastKnownFileType = file; path = Onboarding_3.mp4; sourceTree = "<group>"; };
		EC54422D2F6C1EAB00F4A871 /* OnboardingProtocol.swift */ = {isa = PBXFileReference; lastKnownFileType = sourcecode.swift; path = OnboardingProtocol.swift; sourceTree = "<group>"; };
		EC54422F2F6C1FEC00F4A871 /* OnboardingPageModel.swift */ = {isa = PBXFileReference; lastKnownFileType = sourcecode.swift; path = OnboardingPageModel.swift; sourceTree = "<group>"; };
		EC5442312F6C2AE700F4A871 /* PermissionService.swift */ = {isa = PBXFileReference; lastKnownFileType = sourcecode.swift; path = PermissionService.swift; sourceTree = "<group>"; };
		EC5442332F6C2D1C00F4A871 /* OnboardingRepository.swift */ = {isa = PBXFileReference; lastKnownFileType = sourcecode.swift; path = OnboardingRepository.swift; sourceTree = "<group>"; };
		EC5442372F6C2E2400F4A871 /* OnboardingViewModel.swift */ = {isa = PBXFileReference; lastKnownFileType = sourcecode.swift; path = OnboardingViewModel.swift; sourceTree = "<group>"; };
		EC54423C2F6C371500F4A871 /* Onboarding_1.mp4 */ = {isa = PBXFileReference; lastKnownFileType = file; path = Onboarding_1.mp4; sourceTree = "<group>"; };
		EC5442402F6C397A00F4A871 /* VideoPlayerView.swift */ = {isa = PBXFileReference; lastKnownFileType = sourcecode.swift; path = VideoPlayerView.swift; sourceTree = "<group>"; };
		EC5BC6782F6DD13600A0659D /* User.swift */ = {isa = PBXFileReference; lastKnownFileType = sourcecode.swift; path = User.swift; sourceTree = "<group>"; };
		EC5BC67A2F6DD1EE00A0659D /* Gender.swift */ = {isa = PBXFileReference; lastKnownFileType = sourcecode.swift; path = Gender.swift; sourceTree = "<group>"; };
		EC5BC67C2F6DD2BD00A0659D /* RegisterData.swift */ = {isa = PBXFileReference; lastKnownFileType = sourcecode.swift; path = RegisterData.swift; sourceTree = "<group>"; };
		EC5BC67E2F6DD44400A0659D /* UserRole.swift */ = {isa = PBXFileReference; lastKnownFileType = sourcecode.swift; path = UserRole.swift; sourceTree = "<group>"; };
		EC5BC6812F6DD55D00A0659D /* GenderPickerView.swift */ = {isa = PBXFileReference; lastKnownFileType = sourcecode.swift; path = GenderPickerView.swift; sourceTree = "<group>"; };
		EC5BC6832F6DD56600A0659D /* CountryPickerView.swift */ = {isa = PBXFileReference; lastKnownFileType = sourcecode.swift; path = CountryPickerView.swift; sourceTree = "<group>"; };
		EC5BC6852F6DD57500A0659D /* PhoneFormatter.swift */ = {isa = PBXFileReference; lastKnownFileType = sourcecode.swift; path = PhoneFormatter.swift; sourceTree = "<group>"; };
		EC5BC6872F6DE02D00A0659D /* AnimatedSecureField.swift */ = {isa = PBXFileReference; lastKnownFileType = sourcecode.swift; path = AnimatedSecureField.swift; sourceTree = "<group>"; };
		EC5BC6892F6DE3D100A0659D /* PasswordValidatorView.swift */ = {isa = PBXFileReference; lastKnownFileType = sourcecode.swift; path = PasswordValidatorView.swift; sourceTree = "<group>"; };
		EC5BC68B2F6DEA5D00A0659D /* RegisterStep.swift */ = {isa = PBXFileReference; lastKnownFileType = sourcecode.swift; path = RegisterStep.swift; sourceTree = "<group>"; };
		EC92275D2F6D7666005AE80C /* LoginView.swift */ = {isa = PBXFileReference; lastKnownFileType = sourcecode.swift; path = LoginView.swift; sourceTree = "<group>"; };
		ECAC48FA2F6881EC00A886BC /* SplashViewModel.swift */ = {isa = PBXFileReference; lastKnownFileType = sourcecode.swift; path = SplashViewModel.swift; sourceTree = "<group>"; };
		ECB6C1A32F6838F7007B594E /* Vellanti.app */ = {isa = PBXFileReference; explicitFileType = wrapper.application; includeInIndex = 0; path = Vellanti.app; sourceTree = BUILT_PRODUCTS_DIR; };
		ECB6C1B02F6838FC007B594E /* VellantiTests.xctest */ = {isa = PBXFileReference; explicitFileType = wrapper.cfbundle; includeInIndex = 0; path = VellantiTests.xctest; sourceTree = BUILT_PRODUCTS_DIR; };
		ECB6C1BA2F6838FC007B594E /* VellantiUITests.xctest */ = {isa = PBXFileReference; explicitFileType = wrapper.cfbundle; includeInIndex = 0; path = VellantiUITests.xctest; sourceTree = BUILT_PRODUCTS_DIR; };
		ECB6C1E52F684EB7007B594E /* SplashView.swift */ = {isa = PBXFileReference; lastKnownFileType = sourcecode.swift; path = SplashView.swift; sourceTree = "<group>"; };
		ECC857462F6B1A6000A61F22 /* Vellanti_Light.json */ = {isa = PBXFileReference; lastKnownFileType = text.json; path = Vellanti_Light.json; sourceTree = "<group>"; };
/* End PBXFileReference section */

/* Begin PBXFileSystemSynchronizedBuildFileExceptionSet section */
		EC54422B2F6C177800F4A871 /* Exceptions for "App" folder in "Vellanti" target */ = {
			isa = PBXFileSystemSynchronizedBuildFileExceptionSet;
			membershipExceptions = (
				Info.plist,
			);
			target = ECB6C1A22F6838F7007B594E /* Vellanti */;
		};
/* End PBXFileSystemSynchronizedBuildFileExceptionSet section */

/* Begin PBXFileSystemSynchronizedRootGroup section */
		ECB6C1A52F6838F7007B594E /* App */ = {
			isa = PBXFileSystemSynchronizedRootGroup;
			exceptions = (
				EC54422B2F6C177800F4A871 /* Exceptions for "App" folder in "Vellanti" target */,
			);
			path = App;
			sourceTree = "<group>";
		};
		ECB6C1B32F6838FC007B594E /* VellantiTests */ = {
			isa = PBXFileSystemSynchronizedRootGroup;
			path = VellantiTests;
			sourceTree = "<group>";
		};
		ECB6C1BD2F6838FC007B594E /* VellantiUITests */ = {
			isa = PBXFileSystemSynchronizedRootGroup;
			path = VellantiUITests;
			sourceTree = "<group>";
		};
/* End PBXFileSystemSynchronizedRootGroup section */

/* Begin PBXFrameworksBuildPhase section */
		ECB6C1A02F6838F7007B594E /* Frameworks */ = {
			isa = PBXFrameworksBuildPhase;
			buildActionMask = 2147483647;
			files = (
				EC5BC66C2F6DCE1400A0659D /* FirebaseAnalytics in Frameworks */,
				ECB6C1CF2F68486C007B594E /* Lottie in Frameworks */,
				EC5BC66E2F6DCE1400A0659D /* FirebaseFirestore in Frameworks */,
			);
			runOnlyForDeploymentPostprocessing = 0;
		};
		ECB6C1AD2F6838FC007B594E /* Frameworks */ = {
			isa = PBXFrameworksBuildPhase;
			buildActionMask = 2147483647;
			files = (
			);
			runOnlyForDeploymentPostprocessing = 0;
		};
		ECB6C1B72F6838FC007B594E /* Frameworks */ = {
			isa = PBXFrameworksBuildPhase;
			buildActionMask = 2147483647;
			files = (
			);
			runOnlyForDeploymentPostprocessing = 0;
		};
/* End PBXFrameworksBuildPhase section */

/* Begin PBXGroup section */
		EC06DDFB2F688AC5001C571D /* Lottie */ = {
			isa = PBXGroup;
			children = (
				EC06DDFA2F688AC5001C571D /* LottieView.swift */,
			);
			path = Lottie;
			sourceTree = "<group>";
		};
		EC0E6ED72F6C401F007FEC71 /* View */ = {
			isa = PBXGroup;
			children = (
				EC0E6ED82F6C4025007FEC71 /* OnboardingView.swift */,
			);
			path = View;
			sourceTree = "<group>";
		};
		EC0E6EE42F6C5AF3007FEC71 /* DI */ = {
			isa = PBXGroup;
			children = (
				EC0E6EE52F6C5AFB007FEC71 /* DependencyContainer.swift */,
			);
			path = DI;
			sourceTree = "<group>";
		};
		EC0E6EE82F6C5D88007FEC71 /* Model */ = {
			isa = PBXGroup;
			children = (
				EC0E6EE92F6C5D90007FEC71 /* SplashProtocol.swift */,
			);
			path = Model;
			sourceTree = "<group>";
		};
		EC0E6EF22F6C6642007FEC71 /* Components */ = {
			isa = PBXGroup;
			children = (
				EC445B152F6CACDC0012A1DA /* Vellanti_Icon.icon */,
				EC0E6EC52F6C399D007FEC71 /* Assets.xcassets */,
				EC54423E2F6C395C00F4A871 /* Video */,
				EC06DDFB2F688AC5001C571D /* Lottie */,
			);
			path = Components;
			sourceTree = "<group>";
		};
		EC5442242F6B67F000F4A871 /* Services */ = {
			isa = PBXGroup;
			children = (
				EC5442312F6C2AE700F4A871 /* PermissionService.swift */,
			);
			path = Services;
			sourceTree = "<group>";
		};
		EC54422C2F6C1EA200F4A871 /* Model */ = {
			isa = PBXGroup;
			children = (
				EC54422F2F6C1FEC00F4A871 /* OnboardingPageModel.swift */,
				EC54422D2F6C1EAB00F4A871 /* OnboardingProtocol.swift */,
			);
			path = Model;
			sourceTree = "<group>";
		};
		EC5442322F6C2D1500F4A871 /* Repository */ = {
			isa = PBXGroup;
			children = (
				EC5442332F6C2D1C00F4A871 /* OnboardingRepository.swift */,
			);
			path = Repository;
			sourceTree = "<group>";
		};
		EC5442352F6C2E1400F4A871 /* ViewModel */ = {
			isa = PBXGroup;
			children = (
				EC0E6ED52F6C3E4C007FEC71 /* OnboardingCoordinator.swift */,
				EC5442372F6C2E2400F4A871 /* OnboardingViewModel.swift */,
			);
			path = ViewModel;
			sourceTree = "<group>";
		};
		EC54423B2F6C370400F4A871 /* Assets */ = {
			isa = PBXGroup;
			children = (
				EC54423C2F6C371500F4A871 /* Onboarding_1.mp4 */,
				EC0E6EDA2F6C44E2007FEC71 /* Onboarding_2.mp4 */,
				EC445B222F6CBD4D0012A1DA /* Onboarding_3.mp4 */,
			);
			path = Assets;
			sourceTree = "<group>";
		};
		EC54423E2F6C395C00F4A871 /* Video */ = {
			isa = PBXGroup;
			children = (
				EC0E6ED32F6C3A47007FEC71 /* PlayerUIView.swift */,
				EC5442402F6C397A00F4A871 /* VideoPlayerView.swift */,
			);
			path = Video;
			sourceTree = "<group>";
		};
		EC5BC6732F6DD0B700A0659D /* Login */ = {
			isa = PBXGroup;
			children = (
				EC5BC6752F6DD0CB00A0659D /* View */,
			);
			path = Login;
			sourceTree = "<group>";
		};
		EC5BC6742F6DD0C300A0659D /* Register */ = {
			isa = PBXGroup;
			children = (
				EC5BC6802F6DD55400A0659D /* Components */,
			);
			path = Register;
			sourceTree = "<group>";
		};
		EC5BC6752F6DD0CB00A0659D /* View */ = {
			isa = PBXGroup;
			children = (
				EC92275D2F6D7666005AE80C /* LoginView.swift */,
			);
			path = View;
			sourceTree = "<group>";
		};
		EC5BC6762F6DD0DF00A0659D /* Domain */ = {
			isa = PBXGroup;
			children = (
				EC5BC6772F6DD11A00A0659D /* Models */,
			);
			path = Domain;
			sourceTree = "<group>";
		};
		EC5BC6772F6DD11A00A0659D /* Models */ = {
			isa = PBXGroup;
			children = (
				EC5BC68B2F6DEA5D00A0659D /* RegisterStep.swift */,
				EC5BC67E2F6DD44400A0659D /* UserRole.swift */,
				EC5BC67C2F6DD2BD00A0659D /* RegisterData.swift */,
				EC5BC67A2F6DD1EE00A0659D /* Gender.swift */,
				EC5BC6782F6DD13600A0659D /* User.swift */,
			);
			path = Models;
			sourceTree = "<group>";
		};
		EC5BC6802F6DD55400A0659D /* Components */ = {
			isa = PBXGroup;
			children = (
				EC5BC6892F6DE3D100A0659D /* PasswordValidatorView.swift */,
				EC5BC6872F6DE02D00A0659D /* AnimatedSecureField.swift */,
				EC5BC6852F6DD57500A0659D /* PhoneFormatter.swift */,
				EC5BC6832F6DD56600A0659D /* CountryPickerView.swift */,
				EC5BC6812F6DD55D00A0659D /* GenderPickerView.swift */,
			);
			path = Components;
			sourceTree = "<group>";
		};
		EC92275B2F6D7628005AE80C /* Authentication */ = {
			isa = PBXGroup;
			children = (
				EC5BC6762F6DD0DF00A0659D /* Domain */,
				EC92275F2F6D7752005AE80C /* Assets */,
				EC92275C2F6D765F005AE80C /* Presentation */,
			);
			path = Authentication;
			sourceTree = "<group>";
		};
		EC92275C2F6D765F005AE80C /* Presentation */ = {
			isa = PBXGroup;
			children = (
				EC5BC6742F6DD0C300A0659D /* Register */,
				EC5BC6732F6DD0B700A0659D /* Login */,
			);
			path = Presentation;
			sourceTree = "<group>";
		};
		EC92275F2F6D7752005AE80C /* Assets */ = {
			isa = PBXGroup;
			children = (
			);
			path = Assets;
			sourceTree = "<group>";
		};
		ECAC48F82F6881DB00A886BC /* View */ = {
			isa = PBXGroup;
			children = (
				ECB6C1E52F684EB7007B594E /* SplashView.swift */,
			);
			path = View;
			sourceTree = "<group>";
		};
		ECAC48F92F6881E400A886BC /* ViewModel */ = {
			isa = PBXGroup;
			children = (
				EC0E6EEB2F6C5E5B007FEC71 /* SplashCoordinator.swift */,
				ECAC48FA2F6881EC00A886BC /* SplashViewModel.swift */,
			);
			path = ViewModel;
			sourceTree = "<group>";
		};
		ECB6C19A2F6838F7007B594E = {
			isa = PBXGroup;
			children = (
				ECB6C1A52F6838F7007B594E /* App */,
				ECB6C1D22F6848D2007B594E /* Libs */,
				EC0E6EF22F6C6642007FEC71 /* Components */,
				EC5442242F6B67F000F4A871 /* Services */,
				ECB6C1B32F6838FC007B594E /* VellantiTests */,
				ECB6C1BD2F6838FC007B594E /* VellantiUITests */,
				ECB6C1A42F6838F7007B594E /* Products */,
			);
			sourceTree = "<group>";
		};
		ECB6C1A42F6838F7007B594E /* Products */ = {
			isa = PBXGroup;
			children = (
				ECB6C1A32F6838F7007B594E /* Vellanti.app */,
				ECB6C1B02F6838FC007B594E /* VellantiTests.xctest */,
				ECB6C1BA2F6838FC007B594E /* VellantiUITests.xctest */,
			);
			name = Products;
			sourceTree = "<group>";
		};
		ECB6C1D22F6848D2007B594E /* Libs */ = {
			isa = PBXGroup;
			children = (
				EC92275B2F6D7628005AE80C /* Authentication */,
				EC0E6EE42F6C5AF3007FEC71 /* DI */,
				ECB6C1D42F6848FC007B594E /* Splash */,
				ECB6C1D32F6848EC007B594E /* Onboarding */,
			);
			path = Libs;
			sourceTree = "<group>";
		};
		ECB6C1D32F6848EC007B594E /* Onboarding */ = {
			isa = PBXGroup;
			children = (
				EC0E6ED72F6C401F007FEC71 /* View */,
				EC54423B2F6C370400F4A871 /* Assets */,
				EC5442352F6C2E1400F4A871 /* ViewModel */,
				EC5442322F6C2D1500F4A871 /* Repository */,
				EC54422C2F6C1EA200F4A871 /* Model */,
			);
			path = Onboarding;
			sourceTree = "<group>";
		};
		ECB6C1D42F6848FC007B594E /* Splash */ = {
			isa = PBXGroup;
			children = (
				EC0E6EE82F6C5D88007FEC71 /* Model */,
				ECB6C1E42F684EA4007B594E /* Assets */,
				ECAC48F92F6881E400A886BC /* ViewModel */,
				ECAC48F82F6881DB00A886BC /* View */,
			);
			path = Splash;
			sourceTree = "<group>";
		};
		ECB6C1E42F684EA4007B594E /* Assets */ = {
			isa = PBXGroup;
			children = (
				ECC857462F6B1A6000A61F22 /* Vellanti_Light.json */,
			);
			path = Assets;
			sourceTree = "<group>";
		};
/* End PBXGroup section */

/* Begin PBXNativeTarget section */
		ECB6C1A22F6838F7007B594E /* Vellanti */ = {
			isa = PBXNativeTarget;
			buildConfigurationList = ECB6C1C42F6838FC007B594E /* Build configuration list for PBXNativeTarget "Vellanti" */;
			buildPhases = (
				ECB6C19F2F6838F7007B594E /* Sources */,
				ECB6C1A02F6838F7007B594E /* Frameworks */,
				ECB6C1A12F6838F7007B594E /* Resources */,
			);
			buildRules = (
			);
			dependencies = (
			);
			fileSystemSynchronizedGroups = (
				ECB6C1A52F6838F7007B594E /* App */,
			);
			name = Vellanti;
			packageProductDependencies = (
				ECB6C1CE2F68486C007B594E /* Lottie */,
				EC5BC66B2F6DCE1400A0659D /* FirebaseAnalytics */,
				EC5BC66D2F6DCE1400A0659D /* FirebaseFirestore */,
			);
			productName = Vellanti;
			productReference = ECB6C1A32F6838F7007B594E /* Vellanti.app */;
			productType = "com.apple.product-type.application";
		};
		ECB6C1AF2F6838FC007B594E /* VellantiTests */ = {
			isa = PBXNativeTarget;
			buildConfigurationList = ECB6C1C72F6838FC007B594E /* Build configuration list for PBXNativeTarget "VellantiTests" */;
			buildPhases = (
				ECB6C1AC2F6838FC007B594E /* Sources */,
				ECB6C1AD2F6838FC007B594E /* Frameworks */,
				ECB6C1AE2F6838FC007B594E /* Resources */,
			);
			buildRules = (
			);
			dependencies = (
				ECB6C1B22F6838FC007B594E /* PBXTargetDependency */,
			);
			fileSystemSynchronizedGroups = (
				ECB6C1B32F6838FC007B594E /* VellantiTests */,
			);
			name = VellantiTests;
			packageProductDependencies = (
			);
			productName = VellantiTests;
			productReference = ECB6C1B02F6838FC007B594E /* VellantiTests.xctest */;
			productType = "com.apple.product-type.bundle.unit-test";
		};
		ECB6C1B92F6838FC007B594E /* VellantiUITests */ = {
			isa = PBXNativeTarget;
			buildConfigurationList = ECB6C1CA2F6838FC007B594E /* Build configuration list for PBXNativeTarget "VellantiUITests" */;
			buildPhases = (
				ECB6C1B62F6838FC007B594E /* Sources */,
				ECB6C1B72F6838FC007B594E /* Frameworks */,
				ECB6C1B82F6838FC007B594E /* Resources */,
			);
			buildRules = (
			);
			dependencies = (
				ECB6C1BC2F6838FC007B594E /* PBXTargetDependency */,
			);
			fileSystemSynchronizedGroups = (
				ECB6C1BD2F6838FC007B594E /* VellantiUITests */,
			);
			name = VellantiUITests;
			packageProductDependencies = (
			);
			productName = VellantiUITests;
			productReference = ECB6C1BA2F6838FC007B594E /* VellantiUITests.xctest */;
			productType = "com.apple.product-type.bundle.ui-testing";
		};
/* End PBXNativeTarget section */

/* Begin PBXProject section */
		ECB6C19B2F6838F7007B594E /* Project object */ = {
			isa = PBXProject;
			attributes = {
				BuildIndependentTargetsInParallel = 1;
				LastSwiftUpdateCheck = 2630;
				LastUpgradeCheck = 2630;
				TargetAttributes = {
					ECB6C1A22F6838F7007B594E = {
						CreatedOnToolsVersion = 26.3;
					};
					ECB6C1AF2F6838FC007B594E = {
						CreatedOnToolsVersion = 26.3;
						TestTargetID = ECB6C1A22F6838F7007B594E;
					};
					ECB6C1B92F6838FC007B594E = {
						CreatedOnToolsVersion = 26.3;
						TestTargetID = ECB6C1A22F6838F7007B594E;
					};
				};
			};
			buildConfigurationList = ECB6C19E2F6838F7007B594E /* Build configuration list for PBXProject "Vellanti" */;
			developmentRegion = en;
			hasScannedForEncodings = 0;
			knownRegions = (
				en,
				Base,
			);
			mainGroup = ECB6C19A2F6838F7007B594E;
			minimizedProjectReferenceProxies = 1;
			packageReferences = (
				ECB6C1CD2F68486C007B594E /* XCRemoteSwiftPackageReference "lottie-spm" */,
				EC5BC66A2F6DCE1400A0659D /* XCRemoteSwiftPackageReference "firebase-ios-sdk" */,
			);
			preferredProjectObjectVersion = 77;
			productRefGroup = ECB6C1A42F6838F7007B594E /* Products */;
			projectDirPath = "";
			projectRoot = "";
			targets = (
				ECB6C1A22F6838F7007B594E /* Vellanti */,
				ECB6C1AF2F6838FC007B594E /* VellantiTests */,
				ECB6C1B92F6838FC007B594E /* VellantiUITests */,
			);
		};
/* End PBXProject section */

/* Begin PBXResourcesBuildPhase section */
		ECB6C1A12F6838F7007B594E /* Resources */ = {
			isa = PBXResourcesBuildPhase;
			buildActionMask = 2147483647;
			files = (
				EC445B232F6CBD4D0012A1DA /* Onboarding_3.mp4 in Resources */,
				EC0E6ECB2F6C399D007FEC71 /* Assets.xcassets in Resources */,
				ECC857472F6B1A6000A61F22 /* Vellanti_Light.json in Resources */,
				EC445B162F6CACDC0012A1DA /* Vellanti_Icon.icon in Resources */,
				EC54423D2F6C371500F4A871 /* Onboarding_1.mp4 in Resources */,
				EC0E6EDB2F6C44E2007FEC71 /* Onboarding_2.mp4 in Resources */,
			);
			runOnlyForDeploymentPostprocessing = 0;
		};
		ECB6C1AE2F6838FC007B594E /* Resources */ = {
			isa = PBXResourcesBuildPhase;
			buildActionMask = 2147483647;
			files = (
			);
			runOnlyForDeploymentPostprocessing = 0;
		};
		ECB6C1B82F6838FC007B594E /* Resources */ = {
			isa = PBXResourcesBuildPhase;
			buildActionMask = 2147483647;
			files = (
			);
			runOnlyForDeploymentPostprocessing = 0;
		};
/* End PBXResourcesBuildPhase section */

/* Begin PBXSourcesBuildPhase section */
		ECB6C19F2F6838F7007B594E /* Sources */ = {
			isa = PBXSourcesBuildPhase;
			buildActionMask = 2147483647;
			files = (
				EC5442342F6C2D2500F4A871 /* OnboardingRepository.swift in Sources */,
				EC0E6ED42F6C3A4C007FEC71 /* PlayerUIView.swift in Sources */,
				EC5BC6882F6DE03600A0659D /* AnimatedSecureField.swift in Sources */,
				ECB6C1E62F684EBB007B594E /* SplashView.swift in Sources */,
				EC54422E2F6C1EB000F4A871 /* OnboardingProtocol.swift in Sources */,
				EC92275E2F6D766A005AE80C /* LoginView.swift in Sources */,
				EC5442382F6C2E2A00F4A871 /* OnboardingViewModel.swift in Sources */,
				EC5BC6842F6DD57000A0659D /* CountryPickerView.swift in Sources */,
				EC5442412F6C398400F4A871 /* VideoPlayerView.swift in Sources */,
				EC0E6EEA2F6C5D99007FEC71 /* SplashProtocol.swift in Sources */,
				EC5BC67D2F6DD2C000A0659D /* RegisterData.swift in Sources */,
				EC0E6EE62F6C5B03007FEC71 /* DependencyContainer.swift in Sources */,
				EC0E6EF12F6C63A5007FEC71 /* PermissionService.swift in Sources */,
				EC5BC6862F6DD57B00A0659D /* PhoneFormatter.swift in Sources */,
				ECAC48FB2F6881EF00A886BC /* SplashViewModel.swift in Sources */,
				EC0E6EEC2F6C5E62007FEC71 /* SplashCoordinator.swift in Sources */,
				EC0E6ED62F6C3E50007FEC71 /* OnboardingCoordinator.swift in Sources */,
				EC5BC6822F6DD56200A0659D /* GenderPickerView.swift in Sources */,
				EC5BC67F2F6DD44800A0659D /* UserRole.swift in Sources */,
				EC5BC68C2F6DEA6000A0659D /* RegisterStep.swift in Sources */,
				EC5BC68A2F6DE3DF00A0659D /* PasswordValidatorView.swift in Sources */,
				EC5BC6792F6DD13800A0659D /* User.swift in Sources */,
				EC0E6ED92F6C4028007FEC71 /* OnboardingView.swift in Sources */,
				EC5BC67B2F6DD1EF00A0659D /* Gender.swift in Sources */,
				EC5442302F6C1FF100F4A871 /* OnboardingPageModel.swift in Sources */,
			);
			runOnlyForDeploymentPostprocessing = 0;
		};
		ECB6C1AC2F6838FC007B594E /* Sources */ = {
			isa = PBXSourcesBuildPhase;
			buildActionMask = 2147483647;
			files = (
			);
			runOnlyForDeploymentPostprocessing = 0;
		};
		ECB6C1B62F6838FC007B594E /* Sources */ = {
			isa = PBXSourcesBuildPhase;
			buildActionMask = 2147483647;
			files = (
			);
			runOnlyForDeploymentPostprocessing = 0;
		};
/* End PBXSourcesBuildPhase section */

/* Begin PBXTargetDependency section */
		ECB6C1B22F6838FC007B594E /* PBXTargetDependency */ = {
			isa = PBXTargetDependency;
			target = ECB6C1A22F6838F7007B594E /* Vellanti */;
			targetProxy = ECB6C1B12F6838FC007B594E /* PBXContainerItemProxy */;
		};
		ECB6C1BC2F6838FC007B594E /* PBXTargetDependency */ = {
			isa = PBXTargetDependency;
			target = ECB6C1A22F6838F7007B594E /* Vellanti */;
			targetProxy = ECB6C1BB2F6838FC007B594E /* PBXContainerItemProxy */;
		};
/* End PBXTargetDependency section */

/* Begin XCBuildConfiguration section */
		ECB6C1C22F6838FC007B594E /* Debug */ = {
			isa = XCBuildConfiguration;
			buildSettings = {
				ALWAYS_SEARCH_USER_PATHS = NO;
				ASSETCATALOG_COMPILER_GENERATE_SWIFT_ASSET_SYMBOL_EXTENSIONS = YES;
				CLANG_ANALYZER_NONNULL = YES;
				CLANG_ANALYZER_NUMBER_OBJECT_CONVERSION = YES_AGGRESSIVE;
				CLANG_CXX_LANGUAGE_STANDARD = "gnu++20";
				CLANG_ENABLE_MODULES = YES;
				CLANG_ENABLE_OBJC_ARC = YES;
				CLANG_ENABLE_OBJC_WEAK = YES;
				CLANG_WARN_BLOCK_CAPTURE_AUTORELEASING = YES;
				CLANG_WARN_BOOL_CONVERSION = YES;
				CLANG_WARN_COMMA = YES;
				CLANG_WARN_CONSTANT_CONVERSION = YES;
				CLANG_WARN_DEPRECATED_OBJC_IMPLEMENTATIONS = YES;
				CLANG_WARN_DIRECT_OBJC_ISA_USAGE = YES_ERROR;
				CLANG_WARN_DOCUMENTATION_COMMENTS = YES;
				CLANG_WARN_EMPTY_BODY = YES;
				CLANG_WARN_ENUM_CONVERSION = YES;
				CLANG_WARN_INFINITE_RECURSION = YES;
				CLANG_WARN_INT_CONVERSION = YES;
				CLANG_WARN_NON_LITERAL_NULL_CONVERSION = YES;
				CLANG_WARN_OBJC_IMPLICIT_RETAIN_SELF = YES;
				CLANG_WARN_OBJC_LITERAL_CONVERSION = YES;
				CLANG_WARN_OBJC_ROOT_CLASS = YES_ERROR;
				CLANG_WARN_QUOTED_INCLUDE_IN_FRAMEWORK_HEADER = YES;
				CLANG_WARN_RANGE_LOOP_ANALYSIS = YES;
				CLANG_WARN_STRICT_PROTOTYPES = YES;
				CLANG_WARN_SUSPICIOUS_MOVE = YES;
				CLANG_WARN_UNGUARDED_AVAILABILITY = YES_AGGRESSIVE;
				CLANG_WARN_UNREACHABLE_CODE = YES;
				CLANG_WARN__DUPLICATE_METHOD_MATCH = YES;
				COPY_PHASE_STRIP = NO;
				DEBUG_INFORMATION_FORMAT = dwarf;
				ENABLE_STRICT_OBJC_MSGSEND = YES;
				ENABLE_TESTABILITY = YES;
				ENABLE_USER_SCRIPT_SANDBOXING = YES;
				GCC_C_LANGUAGE_STANDARD = gnu17;
				GCC_DYNAMIC_NO_PIC = NO;
				GCC_NO_COMMON_BLOCKS = YES;
				GCC_OPTIMIZATION_LEVEL = 0;
				GCC_PREPROCESSOR_DEFINITIONS = (
					"DEBUG=1",
					"$(inherited)",
				);
				GCC_WARN_64_TO_32_BIT_CONVERSION = YES;
				GCC_WARN_ABOUT_RETURN_TYPE = YES_ERROR;
				GCC_WARN_UNDECLARED_SELECTOR = YES;
				GCC_WARN_UNINITIALIZED_AUTOS = YES_AGGRESSIVE;
				GCC_WARN_UNUSED_FUNCTION = YES;
				GCC_WARN_UNUSED_VARIABLE = YES;
				IPHONEOS_DEPLOYMENT_TARGET = 26.2;
				LOCALIZATION_PREFERS_STRING_CATALOGS = YES;
				MTL_ENABLE_DEBUG_INFO = INCLUDE_SOURCE;
				MTL_FAST_MATH = YES;
				ONLY_ACTIVE_ARCH = YES;
				SDKROOT = iphoneos;
				SWIFT_ACTIVE_COMPILATION_CONDITIONS = "DEBUG $(inherited)";
				SWIFT_OPTIMIZATION_LEVEL = "-Onone";
			};
			name = Debug;
		};
		ECB6C1C32F6838FC007B594E /* Release */ = {
			isa = XCBuildConfiguration;
			buildSettings = {
				ALWAYS_SEARCH_USER_PATHS = NO;
				ASSETCATALOG_COMPILER_GENERATE_SWIFT_ASSET_SYMBOL_EXTENSIONS = YES;
				CLANG_ANALYZER_NONNULL = YES;
				CLANG_ANALYZER_NUMBER_OBJECT_CONVERSION = YES_AGGRESSIVE;
				CLANG_CXX_LANGUAGE_STANDARD = "gnu++20";
				CLANG_ENABLE_MODULES = YES;
				CLANG_ENABLE_OBJC_ARC = YES;
				CLANG_ENABLE_OBJC_WEAK = YES;
				CLANG_WARN_BLOCK_CAPTURE_AUTORELEASING = YES;
				CLANG_WARN_BOOL_CONVERSION = YES;
				CLANG_WARN_COMMA = YES;
				CLANG_WARN_CONSTANT_CONVERSION = YES;
				CLANG_WARN_DEPRECATED_OBJC_IMPLEMENTATIONS = YES;
				CLANG_WARN_DIRECT_OBJC_ISA_USAGE = YES_ERROR;
				CLANG_WARN_DOCUMENTATION_COMMENTS = YES;
				CLANG_WARN_EMPTY_BODY = YES;
				CLANG_WARN_ENUM_CONVERSION = YES;
				CLANG_WARN_INFINITE_RECURSION = YES;
				CLANG_WARN_INT_CONVERSION = YES;
				CLANG_WARN_NON_LITERAL_NULL_CONVERSION = YES;
				CLANG_WARN_OBJC_IMPLICIT_RETAIN_SELF = YES;
				CLANG_WARN_OBJC_LITERAL_CONVERSION = YES;
				CLANG_WARN_OBJC_ROOT_CLASS = YES_ERROR;
				CLANG_WARN_QUOTED_INCLUDE_IN_FRAMEWORK_HEADER = YES;
				CLANG_WARN_RANGE_LOOP_ANALYSIS = YES;
				CLANG_WARN_STRICT_PROTOTYPES = YES;
				CLANG_WARN_SUSPICIOUS_MOVE = YES;
				CLANG_WARN_UNGUARDED_AVAILABILITY = YES_AGGRESSIVE;
				CLANG_WARN_UNREACHABLE_CODE = YES;
				CLANG_WARN__DUPLICATE_METHOD_MATCH = YES;
				COPY_PHASE_STRIP = NO;
				DEBUG_INFORMATION_FORMAT = "dwarf-with-dsym";
				ENABLE_NS_ASSERTIONS = NO;
				ENABLE_STRICT_OBJC_MSGSEND = YES;
				ENABLE_USER_SCRIPT_SANDBOXING = YES;
				GCC_C_LANGUAGE_STANDARD = gnu17;
				GCC_NO_COMMON_BLOCKS = YES;
				GCC_WARN_64_TO_32_BIT_CONVERSION = YES;
				GCC_WARN_ABOUT_RETURN_TYPE = YES_ERROR;
				GCC_WARN_UNDECLARED_SELECTOR = YES;
				GCC_WARN_UNINITIALIZED_AUTOS = YES_AGGRESSIVE;
				GCC_WARN_UNUSED_FUNCTION = YES;
				GCC_WARN_UNUSED_VARIABLE = YES;
				IPHONEOS_DEPLOYMENT_TARGET = 26.2;
				LOCALIZATION_PREFERS_STRING_CATALOGS = YES;
				MTL_ENABLE_DEBUG_INFO = NO;
				MTL_FAST_MATH = YES;
				SDKROOT = iphoneos;
				SWIFT_COMPILATION_MODE = wholemodule;
				VALIDATE_PRODUCT = YES;
			};
			name = Release;
		};
		ECB6C1C52F6838FC007B594E /* Debug */ = {
			isa = XCBuildConfiguration;
			buildSettings = {
				ASSETCATALOG_COMPILER_APPICON_NAME = Vellanti_Icon;
				ASSETCATALOG_COMPILER_GLOBAL_ACCENT_COLOR_NAME = AccentColor;
				ASSETCATALOG_COMPILER_INCLUDE_ALL_APPICON_ASSETS = NO;
				CODE_SIGN_STYLE = Automatic;
				CURRENT_PROJECT_VERSION = 1;
				DEVELOPMENT_TEAM = 232QGVJ9SM;
				ENABLE_PREVIEWS = YES;
				GENERATE_INFOPLIST_FILE = YES;
				INFOPLIST_FILE = "Vellanti-Info.plist";
				INFOPLIST_KEY_LSApplicationCategoryType = "public.app-category.lifestyle";
				INFOPLIST_KEY_NSLocationAlwaysAndWhenInUseUsageDescription = "Precisamos da sua localização para mostrar resultados próximos";
				INFOPLIST_KEY_NSLocationWhenInUseUsageDescription = "Precisamos da sua localização para mostrar resultados próximos";
				INFOPLIST_KEY_NSUserTrackingUsageDescription = "Usamos para personalizar sua experiência no app";
				INFOPLIST_KEY_UIApplicationSceneManifest_Generation = YES;
				INFOPLIST_KEY_UIApplicationSupportsIndirectInputEvents = YES;
				INFOPLIST_KEY_UILaunchScreen_Generation = YES;
				INFOPLIST_KEY_UISupportedInterfaceOrientations_iPad = "UIInterfaceOrientationPortrait UIInterfaceOrientationPortraitUpsideDown UIInterfaceOrientationLandscapeLeft UIInterfaceOrientationLandscapeRight";
				INFOPLIST_KEY_UISupportedInterfaceOrientations_iPhone = UIInterfaceOrientationPortrait;
				LD_RUNPATH_SEARCH_PATHS = (
					"$(inherited)",
					"@executable_path/Frameworks",
				);
				MARKETING_VERSION = 1.0;
				PRODUCT_BUNDLE_IDENTIFIER = br.com.Vellanti;
				PRODUCT_NAME = "$(TARGET_NAME)";
				STRING_CATALOG_GENERATE_SYMBOLS = YES;
				SWIFT_APPROACHABLE_CONCURRENCY = YES;
				SWIFT_DEFAULT_ACTOR_ISOLATION = MainActor;
				SWIFT_EMIT_LOC_STRINGS = YES;
				SWIFT_UPCOMING_FEATURE_MEMBER_IMPORT_VISIBILITY = YES;
				SWIFT_VERSION = 5.0;
				TARGETED_DEVICE_FAMILY = "1,2";
			};
			name = Debug;
		};
		ECB6C1C62F6838FC007B594E /* Release */ = {
			isa = XCBuildConfiguration;
			buildSettings = {
				ASSETCATALOG_COMPILER_APPICON_NAME = Vellanti_Icon;
				ASSETCATALOG_COMPILER_GLOBAL_ACCENT_COLOR_NAME = AccentColor;
				ASSETCATALOG_COMPILER_INCLUDE_ALL_APPICON_ASSETS = NO;
				CODE_SIGN_STYLE = Automatic;
				CURRENT_PROJECT_VERSION = 1;
				DEVELOPMENT_TEAM = 232QGVJ9SM;
				ENABLE_PREVIEWS = YES;
				GENERATE_INFOPLIST_FILE = YES;
				INFOPLIST_FILE = "Vellanti-Info.plist";
				INFOPLIST_KEY_LSApplicationCategoryType = "public.app-category.lifestyle";
				INFOPLIST_KEY_NSLocationAlwaysAndWhenInUseUsageDescription = "Precisamos da sua localização para mostrar resultados próximos";
				INFOPLIST_KEY_NSLocationWhenInUseUsageDescription = "Precisamos da sua localização para mostrar resultados próximos";
				INFOPLIST_KEY_NSUserTrackingUsageDescription = "Usamos para personalizar sua experiência no app";
				INFOPLIST_KEY_UIApplicationSceneManifest_Generation = YES;
				INFOPLIST_KEY_UIApplicationSupportsIndirectInputEvents = YES;
				INFOPLIST_KEY_UILaunchScreen_Generation = YES;
				INFOPLIST_KEY_UISupportedInterfaceOrientations_iPad = "UIInterfaceOrientationPortrait UIInterfaceOrientationPortraitUpsideDown UIInterfaceOrientationLandscapeLeft UIInterfaceOrientationLandscapeRight";
				INFOPLIST_KEY_UISupportedInterfaceOrientations_iPhone = UIInterfaceOrientationPortrait;
				LD_RUNPATH_SEARCH_PATHS = (
					"$(inherited)",
					"@executable_path/Frameworks",
				);
				MARKETING_VERSION = 1.0;
				PRODUCT_BUNDLE_IDENTIFIER = br.com.Vellanti;
				PRODUCT_NAME = "$(TARGET_NAME)";
				STRING_CATALOG_GENERATE_SYMBOLS = YES;
				SWIFT_APPROACHABLE_CONCURRENCY = YES;
				SWIFT_DEFAULT_ACTOR_ISOLATION = MainActor;
				SWIFT_EMIT_LOC_STRINGS = YES;
				SWIFT_UPCOMING_FEATURE_MEMBER_IMPORT_VISIBILITY = YES;
				SWIFT_VERSION = 5.0;
				TARGETED_DEVICE_FAMILY = "1,2";
			};
			name = Release;
		};
		ECB6C1C82F6838FC007B594E /* Debug */ = {
			isa = XCBuildConfiguration;
			buildSettings = {
				BUNDLE_LOADER = "$(TEST_HOST)";
				CODE_SIGN_STYLE = Automatic;
				CURRENT_PROJECT_VERSION = 1;
				DEVELOPMENT_TEAM = 232QGVJ9SM;
				GENERATE_INFOPLIST_FILE = YES;
				IPHONEOS_DEPLOYMENT_TARGET = 26.2;
				MARKETING_VERSION = 1.0;
				PRODUCT_BUNDLE_IDENTIFIER = br.com.VellantiTests;
				PRODUCT_NAME = "$(TARGET_NAME)";
				STRING_CATALOG_GENERATE_SYMBOLS = NO;
				SWIFT_APPROACHABLE_CONCURRENCY = YES;
				SWIFT_EMIT_LOC_STRINGS = NO;
				SWIFT_UPCOMING_FEATURE_MEMBER_IMPORT_VISIBILITY = YES;
				SWIFT_VERSION = 5.0;
				TARGETED_DEVICE_FAMILY = "1,2";
				TEST_HOST = "$(BUILT_PRODUCTS_DIR)/Vellanti.app/$(BUNDLE_EXECUTABLE_FOLDER_PATH)/Vellanti";
			};
			name = Debug;
		};
		ECB6C1C92F6838FC007B594E /* Release */ = {
			isa = XCBuildConfiguration;
			buildSettings = {
				BUNDLE_LOADER = "$(TEST_HOST)";
				CODE_SIGN_STYLE = Automatic;
				CURRENT_PROJECT_VERSION = 1;
				DEVELOPMENT_TEAM = 232QGVJ9SM;
				GENERATE_INFOPLIST_FILE = YES;
				IPHONEOS_DEPLOYMENT_TARGET = 26.2;
				MARKETING_VERSION = 1.0;
				PRODUCT_BUNDLE_IDENTIFIER = br.com.VellantiTests;
				PRODUCT_NAME = "$(TARGET_NAME)";
				STRING_CATALOG_GENERATE_SYMBOLS = NO;
				SWIFT_APPROACHABLE_CONCURRENCY = YES;
				SWIFT_EMIT_LOC_STRINGS = NO;
				SWIFT_UPCOMING_FEATURE_MEMBER_IMPORT_VISIBILITY = YES;
				SWIFT_VERSION = 5.0;
				TARGETED_DEVICE_FAMILY = "1,2";
				TEST_HOST = "$(BUILT_PRODUCTS_DIR)/Vellanti.app/$(BUNDLE_EXECUTABLE_FOLDER_PATH)/Vellanti";
			};
			name = Release;
		};
		ECB6C1CB2F6838FC007B594E /* Debug */ = {
			isa = XCBuildConfiguration;
			buildSettings = {
				CODE_SIGN_STYLE = Automatic;
				CURRENT_PROJECT_VERSION = 1;
				DEVELOPMENT_TEAM = 232QGVJ9SM;
				GENERATE_INFOPLIST_FILE = YES;
				MARKETING_VERSION = 1.0;
				PRODUCT_BUNDLE_IDENTIFIER = br.com.agibank.ShutdownAccountTest.VellantiUITests;
				PRODUCT_NAME = "$(TARGET_NAME)";
				STRING_CATALOG_GENERATE_SYMBOLS = NO;
				SWIFT_APPROACHABLE_CONCURRENCY = YES;
				SWIFT_EMIT_LOC_STRINGS = NO;
				SWIFT_UPCOMING_FEATURE_MEMBER_IMPORT_VISIBILITY = YES;
				SWIFT_VERSION = 5.0;
				TARGETED_DEVICE_FAMILY = "1,2";
				TEST_TARGET_NAME = Vellanti;
			};
			name = Debug;
		};
		ECB6C1CC2F6838FC007B594E /* Release */ = {
			isa = XCBuildConfiguration;
			buildSettings = {
				CODE_SIGN_STYLE = Automatic;
				CURRENT_PROJECT_VERSION = 1;
				DEVELOPMENT_TEAM = 232QGVJ9SM;
				GENERATE_INFOPLIST_FILE = YES;
				MARKETING_VERSION = 1.0;
				PRODUCT_BUNDLE_IDENTIFIER = br.com.agibank.ShutdownAccountTest.VellantiUITests;
				PRODUCT_NAME = "$(TARGET_NAME)";
				STRING_CATALOG_GENERATE_SYMBOLS = NO;
				SWIFT_APPROACHABLE_CONCURRENCY = YES;
				SWIFT_EMIT_LOC_STRINGS = NO;
				SWIFT_UPCOMING_FEATURE_MEMBER_IMPORT_VISIBILITY = YES;
				SWIFT_VERSION = 5.0;
				TARGETED_DEVICE_FAMILY = "1,2";
				TEST_TARGET_NAME = Vellanti;
			};
			name = Release;
		};
/* End XCBuildConfiguration section */

/* Begin XCConfigurationList section */
		ECB6C19E2F6838F7007B594E /* Build configuration list for PBXProject "Vellanti" */ = {
			isa = XCConfigurationList;
			buildConfigurations = (
				ECB6C1C22F6838FC007B594E /* Debug */,
				ECB6C1C32F6838FC007B594E /* Release */,
			);
			defaultConfigurationIsVisible = 0;
			defaultConfigurationName = Release;
		};
		ECB6C1C42F6838FC007B594E /* Build configuration list for PBXNativeTarget "Vellanti" */ = {
			isa = XCConfigurationList;
			buildConfigurations = (
				ECB6C1C52F6838FC007B594E /* Debug */,
				ECB6C1C62F6838FC007B594E /* Release */,
			);
			defaultConfigurationIsVisible = 0;
			defaultConfigurationName = Release;
		};
		ECB6C1C72F6838FC007B594E /* Build configuration list for PBXNativeTarget "VellantiTests" */ = {
			isa = XCConfigurationList;
			buildConfigurations = (
				ECB6C1C82F6838FC007B594E /* Debug */,
				ECB6C1C92F6838FC007B594E /* Release */,
			);
			defaultConfigurationIsVisible = 0;
			defaultConfigurationName = Release;
		};
		ECB6C1CA2F6838FC007B594E /* Build configuration list for PBXNativeTarget "VellantiUITests" */ = {
			isa = XCConfigurationList;
			buildConfigurations = (
				ECB6C1CB2F6838FC007B594E /* Debug */,
				ECB6C1CC2F6838FC007B594E /* Release */,
			);
			defaultConfigurationIsVisible = 0;
			defaultConfigurationName = Release;
		};
/* End XCConfigurationList section */

/* Begin XCRemoteSwiftPackageReference section */
		EC5BC66A2F6DCE1400A0659D /* XCRemoteSwiftPackageReference "firebase-ios-sdk" */ = {
			isa = XCRemoteSwiftPackageReference;
			repositoryURL = "https://github.com/firebase/firebase-ios-sdk.git";
			requirement = {
				kind = upToNextMajorVersion;
				minimumVersion = 12.11.0;
			};
		};
		ECB6C1CD2F68486C007B594E /* XCRemoteSwiftPackageReference "lottie-spm" */ = {
			isa = XCRemoteSwiftPackageReference;
			repositoryURL = "https://github.com/airbnb/lottie-spm";
			requirement = {
				kind = upToNextMajorVersion;
				minimumVersion = 4.6.0;
			};
		};
/* End XCRemoteSwiftPackageReference section */

/* Begin XCSwiftPackageProductDependency section */
		EC5BC66B2F6DCE1400A0659D /* FirebaseAnalytics */ = {
			isa = XCSwiftPackageProductDependency;
			package = EC5BC66A2F6DCE1400A0659D /* XCRemoteSwiftPackageReference "firebase-ios-sdk" */;
			productName = FirebaseAnalytics;
		};
		EC5BC66D2F6DCE1400A0659D /* FirebaseFirestore */ = {
			isa = XCSwiftPackageProductDependency;
			package = EC5BC66A2F6DCE1400A0659D /* XCRemoteSwiftPackageReference "firebase-ios-sdk" */;
			productName = FirebaseFirestore;
		};
		ECB6C1CE2F68486C007B594E /* Lottie */ = {
			isa = XCSwiftPackageProductDependency;
			package = ECB6C1CD2F68486C007B594E /* XCRemoteSwiftPackageReference "lottie-spm" */;
			productName = Lottie;
		};
/* End XCSwiftPackageProductDependency section */
	};
	rootObject = ECB6C19B2F6838F7007B594E /* Project object */;
}
